
Microsoft Visual Studio Solution File, Format Version 12.00
# Visual Studio 14
VisualStudioVersion = 14.0.25420.1
MinimumVisualStudioVersion = 10.0.40219.1
Project("{FAE04EC0-301F-11D3-BF4B-00C04F79EFBC}") = "ConsoleEntity", "ConsoleEntity\ConsoleEntity.csproj", "{DE0CA0F5-5012-43C9-9728-BAB2264E4604}"
EndProject
Global
	GlobalSection(SolutionConfigurationPlatforms) = preSolution
		Debug|Any CPU = Debug|Any CPU
		Release|Any CPU = Release|Any CPU
	EndGlobalSection
	GlobalSection(ProjectConfigurationPlatforms) = postSolution
		{DE0CA0F5-5012-43C9-9728-BAB2264E4604}.Debug|Any CPU.ActiveCfg = Debug|Any CPU
		{DE0CA0F5-5012-43C9-9728-BAB2264E4604}.Debug|Any CPU.Build.0 = Debug|Any CPU
		{DE0CA0F5-5012-43C9-9728-BAB2264E4604}.Release|Any CPU.ActiveCfg = Release|Any CPU
		{DE0CA0F5-5012-43C9-9728-BAB2264E4604}.Release|Any CPU.Build.0 = Release|Any CPU
	EndGlobalSection
	GlobalSection(SolutionProperties) = preSolution
		HideSolutionNode = FALSE
	EndGlobalSection
EndGlobal
